// !$*UTF8*$!
{
	archiveVersion = 1;
	classes = {
	};
	objectVersion = 46;
	objects = {

/* Begin PBXBuildFile section */
		F4B626621C669AE400D1623C /* AppDelegate.swift in Sources */ = {isa = PBXBuildFile; fileRef = F4B626611C669AE400D1623C /* AppDelegate.swift */; };
		F4B626671C669AE400D1623C /* Main.storyboard in Resources */ = {isa = PBXBuildFile; fileRef = F4B626651C669AE400D1623C /* Main.storyboard */; };
		F4B626691C669AE400D1623C /* Assets.xcassets in Resources */ = {isa = PBXBuildFile; fileRef = F4B626681C669AE400D1623C /* Assets.xcassets */; };
		F4B6266C1C669AE400D1623C /* LaunchScreen.storyboard in Resources */ = {isa = PBXBuildFile; fileRef = F4B6266A1C669AE400D1623C /* LaunchScreen.storyboard */; };
		F4B626771C66BE1400D1623C /* CAGradientLayer+Convenience.swift in Sources */ = {isa = PBXBuildFile; fileRef = F4B626761C66BE1400D1623C /* CAGradientLayer+Convenience.swift */; };
		F4B6267A1C670B8200D1623C /* LoginViewController.swift in Sources */ = {isa = PBXBuildFile; fileRef = F4B626791C670B8200D1623C /* LoginViewController.swift */; };
		F4D55DF61C69872C00C77560 /* UdacityHttpClient.swift in Sources */ = {isa = PBXBuildFile; fileRef = F4D55DF51C69872C00C77560 /* UdacityHttpClient.swift */; };
		F4D55DFA1C69974700C77560 /* GCDBlackbox.swift in Sources */ = {isa = PBXBuildFile; fileRef = F4D55DF91C69974700C77560 /* GCDBlackbox.swift */; };
		F4D55DFC1C69B7D800C77560 /* MapViewController.swift in Sources */ = {isa = PBXBuildFile; fileRef = F4D55DFB1C69B7D800C77560 /* MapViewController.swift */; };
		F4D55DFE1C69BDCB00C77560 /* MapKit.framework in Frameworks */ = {isa = PBXBuildFile; fileRef = F4D55DFD1C69BDCB00C77560 /* MapKit.framework */; };
		F4D55E001C6A504200C77560 /* UIHelper.swift in Sources */ = {isa = PBXBuildFile; fileRef = F4D55DFF1C6A504200C77560 /* UIHelper.swift */; };
		F4D55E021C6ADAF100C77560 /* ParseHttpClient.swift in Sources */ = {isa = PBXBuildFile; fileRef = F4D55E011C6ADAF100C77560 /* ParseHttpClient.swift */; };
		F4D55E051C6AF5A100C77560 /* StudentAnnotation.swift in Sources */ = {isa = PBXBuildFile; fileRef = F4D55E041C6AF5A100C77560 /* StudentAnnotation.swift */; };
		F4D55E091C6C323200C77560 /* Roboto-Medium.ttf in Resources */ = {isa = PBXBuildFile; fileRef = F4D55E061C6C323200C77560 /* Roboto-Medium.ttf */; };
		F4D55E0A1C6C323200C77560 /* Roboto-Regular.ttf in Resources */ = {isa = PBXBuildFile; fileRef = F4D55E071C6C323200C77560 /* Roboto-Regular.ttf */; };
		F4D55E0B1C6C323200C77560 /* Roboto-Thin.ttf in Resources */ = {isa = PBXBuildFile; fileRef = F4D55E081C6C323200C77560 /* Roboto-Thin.ttf */; };
/* End PBXBuildFile section */

/* Begin PBXFileReference section */
		F4B6265E1C669AE400D1623C /* OnTheMap.app */ = {isa = PBXFileReference; explicitFileType = wrapper.application; includeInIndex = 0; path = OnTheMap.app; sourceTree = BUILT_PRODUCTS_DIR; };
		F4B626611C669AE400D1623C /* AppDelegate.swift */ = {isa = PBXFileReference; lastKnownFileType = sourcecode.swift; name = AppDelegate.swift; path = OnTheMap/AppDelegate.swift; sourceTree = "<group>"; };
		F4B626661C669AE400D1623C /* Base */ = {isa = PBXFileReference; lastKnownFileType = file.storyboard; name = Base; path = Base.lproj/Main.storyboard; sourceTree = "<group>"; };
		F4B626681C669AE400D1623C /* Assets.xcassets */ = {isa = PBXFileReference; lastKnownFileType = folder.assetcatalog; name = Assets.xcassets; path = OnTheMap/Assets.xcassets; sourceTree = "<group>"; };
		F4B6266B1C669AE400D1623C /* Base */ = {isa = PBXFileReference; lastKnownFileType = file.storyboard; name = Base; path = Base.lproj/LaunchScreen.storyboard; sourceTree = "<group>"; };
		F4B6266D1C669AE400D1623C /* Info.plist */ = {isa = PBXFileReference; lastKnownFileType = text.plist.xml; name = Info.plist; path = OnTheMap/Info.plist; sourceTree = "<group>"; };
		F4B626761C66BE1400D1623C /* CAGradientLayer+Convenience.swift */ = {isa = PBXFileReference; fileEncoding = 4; lastKnownFileType = sourcecode.swift; path = "CAGradientLayer+Convenience.swift"; sourceTree = "<group>"; };
		F4B626791C670B8200D1623C /* LoginViewController.swift */ = {isa = PBXFileReference; fileEncoding = 4; lastKnownFileType = sourcecode.swift; path = LoginViewController.swift; sourceTree = "<group>"; };
		F4D55DF51C69872C00C77560 /* UdacityHttpClient.swift */ = {isa = PBXFileReference; fileEncoding = 4; lastKnownFileType = sourcecode.swift; path = UdacityHttpClient.swift; sourceTree = "<group>"; };
		F4D55DF91C69974700C77560 /* GCDBlackbox.swift */ = {isa = PBXFileReference; fileEncoding = 4; lastKnownFileType = sourcecode.swift; path = GCDBlackbox.swift; sourceTree = "<group>"; };
		F4D55DFB1C69B7D800C77560 /* MapViewController.swift */ = {isa = PBXFileReference; fileEncoding = 4; lastKnownFileType = sourcecode.swift; path = MapViewController.swift; sourceTree = "<group>"; };
		F4D55DFD1C69BDCB00C77560 /* MapKit.framework */ = {isa = PBXFileReference; lastKnownFileType = wrapper.framework; name = MapKit.framework; path = System/Library/Frameworks/MapKit.framework; sourceTree = SDKROOT; };
		F4D55DFF1C6A504200C77560 /* UIHelper.swift */ = {isa = PBXFileReference; fileEncoding = 4; lastKnownFileType = sourcecode.swift; path = UIHelper.swift; sourceTree = "<group>"; };
		F4D55E011C6ADAF100C77560 /* ParseHttpClient.swift */ = {isa = PBXFileReference; fileEncoding = 4; lastKnownFileType = sourcecode.swift; path = ParseHttpClient.swift; sourceTree = "<group>"; };
		F4D55E041C6AF5A100C77560 /* StudentAnnotation.swift */ = {isa = PBXFileReference; fileEncoding = 4; lastKnownFileType = sourcecode.swift; path = StudentAnnotation.swift; sourceTree = "<group>"; };
		F4D55E061C6C323200C77560 /* Roboto-Medium.ttf */ = {isa = PBXFileReference; lastKnownFileType = file; path = "Roboto-Medium.ttf"; sourceTree = "<group>"; };
		F4D55E071C6C323200C77560 /* Roboto-Regular.ttf */ = {isa = PBXFileReference; lastKnownFileType = file; path = "Roboto-Regular.ttf"; sourceTree = "<group>"; };
		F4D55E081C6C323200C77560 /* Roboto-Thin.ttf */ = {isa = PBXFileReference; lastKnownFileType = file; path = "Roboto-Thin.ttf"; sourceTree = "<group>"; };
/* End PBXFileReference section */

/* Begin PBXFrameworksBuildPhase section */
		F4B6265B1C669AE400D1623C /* Frameworks */ = {
			isa = PBXFrameworksBuildPhase;
			buildActionMask = 2147483647;
			files = (
				F4D55DFE1C69BDCB00C77560 /* MapKit.framework in Frameworks */,
			);
			runOnlyForDeploymentPostprocessing = 0;
		};
/* End PBXFrameworksBuildPhase section */

/* Begin PBXGroup section */
		F4B626551C669AE400D1623C = {
			isa = PBXGroup;
			children = (
				F4D55E031C6AF53500C77560 /* Views */,
				F4D55DFD1C69BDCB00C77560 /* MapKit.framework */,
				F4B626781C670B6E00D1623C /* Controllers */,
				F4B626741C66BD5800D1623C /* API */,
				F4B626731C66BA8800D1623C /* Supporting Files */,
				F4B626601C669AE400D1623C /* OnTheMap */,
				F4B6265F1C669AE400D1623C /* Products */,
			);
			sourceTree = "<group>";
		};
		F4B6265F1C669AE400D1623C /* Products */ = {
			isa = PBXGroup;
			children = (
				F4B6265E1C669AE400D1623C /* OnTheMap.app */,
			);
			name = Products;
			sourceTree = "<group>";
		};
		F4B626601C669AE400D1623C /* OnTheMap */ = {
			isa = PBXGroup;
			children = (
				F4B626651C669AE400D1623C /* Main.storyboard */,
				F4B6266A1C669AE400D1623C /* LaunchScreen.storyboard */,
			);
			path = OnTheMap;
			sourceTree = "<group>";
		};
		F4B626731C66BA8800D1623C /* Supporting Files */ = {
			isa = PBXGroup;
			children = (
				F4D55E061C6C323200C77560 /* Roboto-Medium.ttf */,
				F4D55E071C6C323200C77560 /* Roboto-Regular.ttf */,
				F4D55E081C6C323200C77560 /* Roboto-Thin.ttf */,
				F4B626611C669AE400D1623C /* AppDelegate.swift */,
				F4B626681C669AE400D1623C /* Assets.xcassets */,
				F4B6266D1C669AE400D1623C /* Info.plist */,
			);
			name = "Supporting Files";
			sourceTree = "<group>";
		};
		F4B626741C66BD5800D1623C /* API */ = {
			isa = PBXGroup;
			children = (
				F4B626761C66BE1400D1623C /* CAGradientLayer+Convenience.swift */,
				F4D55DF51C69872C00C77560 /* UdacityHttpClient.swift */,
				F4D55DF91C69974700C77560 /* GCDBlackbox.swift */,
				F4D55DFF1C6A504200C77560 /* UIHelper.swift */,
				F4D55E011C6ADAF100C77560 /* ParseHttpClient.swift */,
			);
			name = API;
			sourceTree = "<group>";
		};
		F4B626781C670B6E00D1623C /* Controllers */ = {
			isa = PBXGroup;
			children = (
				F4B626791C670B8200D1623C /* LoginViewController.swift */,
				F4D55DFB1C69B7D800C77560 /* MapViewController.swift */,
			);
			name = Controllers;
			sourceTree = "<group>";
		};
		F4D55E031C6AF53500C77560 /* Views */ = {
			isa = PBXGroup;
			children = (
				F4D55E041C6AF5A100C77560 /* StudentAnnotation.swift */,
			);
			name = Views;
			sourceTree = "<group>";
		};
/* End PBXGroup section */

/* Begin PBXNativeTarget section */
		F4B6265D1C669AE400D1623C /* OnTheMap */ = {
			isa = PBXNativeTarget;
			buildConfigurationList = F4B626701C669AE400D1623C /* Build configuration list for PBXNativeTarget "OnTheMap" */;
			buildPhases = (
				F4B6265A1C669AE400D1623C /* Sources */,
				F4B6265B1C669AE400D1623C /* Frameworks */,
				F4B6265C1C669AE400D1623C /* Resources */,
			);
			buildRules = (
			);
			dependencies = (
			);
			name = OnTheMap;
			productName = OnTheMap;
			productReference = F4B6265E1C669AE400D1623C /* OnTheMap.app */;
			productType = "com.apple.product-type.application";
		};
/* End PBXNativeTarget section */

/* Begin PBXProject section */
		F4B626561C669AE400D1623C /* Project object */ = {
			isa = PBXProject;
			attributes = {
				LastSwiftUpdateCheck = 0720;
				LastUpgradeCheck = 0720;
				ORGANIZATIONNAME = "Marquis Dennis";
				TargetAttributes = {
					F4B6265D1C669AE400D1623C = {
						CreatedOnToolsVersion = 7.2;
						SystemCapabilities = {
							com.apple.Maps.iOS = {
								enabled = 1;
							};
						};
					};
				};
			};
			buildConfigurationList = F4B626591C669AE400D1623C /* Build configuration list for PBXProject "OnTheMap" */;
			compatibilityVersion = "Xcode 3.2";
			developmentRegion = English;
			hasScannedForEncodings = 0;
			knownRegions = (
				en,
				Base,
			);
			mainGroup = F4B626551C669AE400D1623C;
			productRefGroup = F4B6265F1C669AE400D1623C /* Products */;
			projectDirPath = "";
			projectRoot = "";
			targets = (
				F4B6265D1C669AE400D1623C /* OnTheMap */,
			);
		};
/* End PBXProject section */

/* Begin PBXResourcesBuildPhase section */
		F4B6265C1C669AE400D1623C /* Resources */ = {
			isa = PBXResourcesBuildPhase;
			buildActionMask = 2147483647;
			files = (
				F4D55E091C6C323200C77560 /* Roboto-Medium.ttf in Resources */,
				F4B6266C1C669AE400D1623C /* LaunchScreen.storyboard in Resources */,
				F4D55E0B1C6C323200C77560 /* Roboto-Thin.ttf in Resources */,
				F4D55E0A1C6C323200C77560 /* Roboto-Regular.ttf in Resources */,
				F4B626691C669AE400D1623C /* Assets.xcassets in Resources */,
				F4B626671C669AE400D1623C /* Main.storyboard in Resources */,
			);
			runOnlyForDeploymentPostprocessing = 0;
		};
/* End PBXResourcesBuildPhase section */

/* Begin PBXSourcesBuildPhase section */
		F4B6265A1C669AE400D1623C /* Sources */ = {
			isa = PBXSourcesBuildPhase;
			buildActionMask = 2147483647;
			files = (
				F4D55DF61C69872C00C77560 /* UdacityHttpClient.swift in Sources */,
				F4D55DFC1C69B7D800C77560 /* MapViewController.swift in Sources */,
				F4D55E021C6ADAF100C77560 /* ParseHttpClient.swift in Sources */,
				F4B6267A1C670B8200D1623C /* LoginViewController.swift in Sources */,
				F4D55DFA1C69974700C77560 /* GCDBlackbox.swift in Sources */,
				F4D55E051C6AF5A100C77560 /* StudentAnnotation.swift in Sources */,
				F4B626621C669AE400D1623C /* AppDelegate.swift in Sources */,
				F4B626771C66BE1400D1623C /* CAGradientLayer+Convenience.swift in Sources */,
				F4D55E001C6A504200C77560 /* UIHelper.swift in Sources */,
			);
			runOnlyForDeploymentPostprocessing = 0;
		};
/* End PBXSourcesBuildPhase section */

/* Begin PBXVariantGroup section */
		F4B626651C669AE400D1623C /* Main.storyboard */ = {
			isa = PBXVariantGroup;
			children = (
				F4B626661C669AE400D1623C /* Base */,
			);
			name = Main.storyboard;
			sourceTree = "<group>";
		};
		F4B6266A1C669AE400D1623C /* LaunchScreen.storyboard */ = {
			isa = PBXVariantGroup;
			children = (
				F4B6266B1C669AE400D1623C /* Base */,
			);
			name = LaunchScreen.storyboard;
			sourceTree = "<group>";
		};
/* End PBXVariantGroup section */

/* Begin XCBuildConfiguration section */
		F4B6266E1C669AE400D1623C /* Debug */ = {
			isa = XCBuildConfiguration;
			buildSettings = {
				ALWAYS_SEARCH_USER_PATHS = NO;
				CLANG_CXX_LANGUAGE_STANDARD = "gnu++0x";
				CLANG_CXX_LIBRARY = "libc++";
				CLANG_ENABLE_MODULES = YES;
				CLANG_ENABLE_OBJC_ARC = YES;
				CLANG_WARN_BOOL_CONVERSION = YES;
				CLANG_WARN_CONSTANT_CONVERSION = YES;
				CLANG_WARN_DIRECT_OBJC_ISA_USAGE = YES_ERROR;
				CLANG_WARN_EMPTY_BODY = YES;
				CLANG_WARN_ENUM_CONVERSION = YES;
				CLANG_WARN_INT_CONVERSION = YES;
				CLANG_WARN_OBJC_ROOT_CLASS = YES_ERROR;
				CLANG_WARN_UNREACHABLE_CODE = YES;
				CLANG_WARN__DUPLICATE_METHOD_MATCH = YES;
				"CODE_SIGN_IDENTITY[sdk=iphoneos*]" = "iPhone Developer";
				COPY_PHASE_STRIP = NO;
				DEBUG_INFORMATION_FORMAT = dwarf;
				ENABLE_STRICT_OBJC_MSGSEND = YES;
				ENABLE_TESTABILITY = YES;
				GCC_C_LANGUAGE_STANDARD = gnu99;
				GCC_DYNAMIC_NO_PIC = NO;
				GCC_NO_COMMON_BLOCKS = YES;
				GCC_OPTIMIZATION_LEVEL = 0;
				GCC_PREPROCESSOR_DEFINITIONS = (
					"DEBUG=1",
					"$(inherited)",
				);
				GCC_WARN_64_TO_32_BIT_CONVERSION = YES;
				GCC_WARN_ABOUT_RETURN_TYPE = YES_ERROR;
				GCC_WARN_UNDECLARED_SELECTOR = YES;
				GCC_WARN_UNINITIALIZED_AUTOS = YES_AGGRESSIVE;
				GCC_WARN_UNUSED_FUNCTION = YES;
				GCC_WARN_UNUSED_VARIABLE = YES;
				IPHONEOS_DEPLOYMENT_TARGET = 9.2;
				MTL_ENABLE_DEBUG_INFO = YES;
				ONLY_ACTIVE_ARCH = YES;
				SDKROOT = iphoneos;
				SWIFT_OPTIMIZATION_LEVEL = "-Onone";
				TARGETED_DEVICE_FAMILY = "1,2";
			};
			name = Debug;
		};
		F4B6266F1C669AE400D1623C /* Release */ = {
			isa = XCBuildConfiguration;
			buildSettings = {
				ALWAYS_SEARCH_USER_PATHS = NO;
				CLANG_CXX_LANGUAGE_STANDARD = "gnu++0x";
				CLANG_CXX_LIBRARY = "libc++";
				CLANG_ENABLE_MODULES = YES;
				CLANG_ENABLE_OBJC_ARC = YES;
				CLANG_WARN_BOOL_CONVERSION = YES;
				CLANG_WARN_CONSTANT_CONVERSION = YES;
				CLANG_WARN_DIRECT_OBJC_ISA_USAGE = YES_ERROR;
				CLANG_WARN_EMPTY_BODY = YES;
				CLANG_WARN_ENUM_CONVERSION = YES;
				CLANG_WARN_INT_CONVERSION = YES;
				CLANG_WARN_OBJC_ROOT_CLASS = YES_ERROR;
				CLANG_WARN_UNREACHABLE_CODE = YES;
				CLANG_WARN__DUPLICATE_METHOD_MATCH = YES;
				"CODE_SIGN_IDENTITY[sdk=iphoneos*]" = "iPhone Developer";
				COPY_PHASE_STRIP = NO;
				DEBUG_INFORMATION_FORMAT = "dwarf-with-dsym";
				ENABLE_NS_ASSERTIONS = NO;
				ENABLE_STRICT_OBJC_MSGSEND = YES;
				GCC_C_LANGUAGE_STANDARD = gnu99;
				GCC_NO_COMMON_BLOCKS = YES;
				GCC_WARN_64_TO_32_BIT_CONVERSION = YES;
				GCC_WARN_ABOUT_RETURN_TYPE = YES_ERROR;
				GCC_WARN_UNDECLARED_SELECTOR = YES;
				GCC_WARN_UNINITIALIZED_AUTOS = YES_AGGRESSIVE;
				GCC_WARN_UNUSED_FUNCTION = YES;
				GCC_WARN_UNUSED_VARIABLE = YES;
				IPHONEOS_DEPLOYMENT_TARGET = 9.2;
				MTL_ENABLE_DEBUG_INFO = NO;
				SDKROOT = iphoneos;
				TARGETED_DEVICE_FAMILY = "1,2";
				VALIDATE_PRODUCT = YES;
			};
			name = Release;
		};
		F4B626711C669AE400D1623C /* Debug */ = {
			isa = XCBuildConfiguration;
			buildSettings = {
				ASSETCATALOG_COMPILER_APPICON_NAME = AppIcon;
				INFOPLIST_FILE = OnTheMap/Info.plist;
				LD_RUNPATH_SEARCH_PATHS = "$(inherited) @executable_path/Frameworks";
				PRODUCT_BUNDLE_IDENTIFIER = com.flashbolt.OnTheMap;
				PRODUCT_NAME = "$(TARGET_NAME)";
			};
			name = Debug;
		};
		F4B626721C669AE400D1623C /* Release */ = {
			isa = XCBuildConfiguration;
			buildSettings = {
				ASSETCATALOG_COMPILER_APPICON_NAME = AppIcon;
				INFOPLIST_FILE = OnTheMap/Info.plist;
				LD_RUNPATH_SEARCH_PATHS = "$(inherited) @executable_path/Frameworks";
				PRODUCT_BUNDLE_IDENTIFIER = com.flashbolt.OnTheMap;
				PRODUCT_NAME = "$(TARGET_NAME)";
			};
			name = Release;
		};
/* End XCBuildConfiguration section */

/* Begin XCConfigurationList section */
		F4B626591C669AE400D1623C /* Build configuration list for PBXProject "OnTheMap" */ = {
			isa = XCConfigurationList;
			buildConfigurations = (
				F4B6266E1C669AE400D1623C /* Debug */,
				F4B6266F1C669AE400D1623C /* Release */,
			);
			defaultConfigurationIsVisible = 0;
			defaultConfigurationName = Release;
		};
		F4B626701C669AE400D1623C /* Build configuration list for PBXNativeTarget "OnTheMap" */ = {
			isa = XCConfigurationList;
			buildConfigurations = (
				F4B626711C669AE400D1623C /* Debug */,
				F4B626721C669AE400D1623C /* Release */,
			);
			defaultConfigurationIsVisible = 0;
			defaultConfigurationName = Release;
		};
/* End XCConfigurationList section */
	};
	rootObject = F4B626561C669AE400D1623C /* Project object */;
}
